
Microsoft Visual Studio Solution File, Format Version 12.00
# Visual Studio Version 17
VisualStudioVersion = 17.14.36408.4 d17.14
MinimumVisualStudioVersion = 10.0.40219.1
Project("{FAE04EC0-301F-11D3-BF4B-00C04F79EFBC}") = "PaymentPlanManagement_API", "PaymentPlanManagement_API.csproj", "{795B9016-1458-4D34-8ED4-A03FC0D054D8}"
EndProject
Global
	GlobalSection(SolutionConfigurationPlatforms) = preSolution
		Debug|Any CPU = Debug|Any CPU
		Release|Any CPU = Release|Any CPU
	EndGlobalSection
	GlobalSection(ProjectConfigurationPlatforms) = postSolution
		{795B9016-1458-4D34-8ED4-A03FC0D054D8}.Debug|Any CPU.ActiveCfg = Debug|Any CPU
		{795B9016-1458-4D34-8ED4-A03FC0D054D8}.Debug|Any CPU.Build.0 = Debug|Any CPU
		{795B9016-1458-4D34-8ED4-A03FC0D054D8}.Release|Any CPU.ActiveCfg = Release|Any CPU
		{795B9016-1458-4D34-8ED4-A03FC0D054D8}.Release|Any CPU.Build.0 = Release|Any CPU
	EndGlobalSection
	GlobalSection(SolutionProperties) = preSolution
		HideSolutionNode = FALSE
	EndGlobalSection
	GlobalSection(ExtensibilityGlobals) = postSolution
		SolutionGuid = {18F7A2CF-96B3-4A8B-816E-D8BBDBF1820F}
	EndGlobalSection
EndGlobal
